
Microsoft Visual Studio Solution File, Format Version 12.00
# Visual Studio Version 16
VisualStudioVersion = 16.0.30711.63
MinimumVisualStudioVersion = 10.0.40219.1
Project("{FAE04EC0-301F-11D3-BF4B-00C04F79EFBC}") = "testgit", "testgit.csproj", "{B97CEFC7-EA06-4A9C-B6A2-9A49CBC483DC}"
EndProject
Global
	GlobalSection(SolutionConfigurationPlatforms) = preSolution
		Debug|Any CPU = Debug|Any CPU
		Release|Any CPU = Release|Any CPU
	EndGlobalSection
	GlobalSection(ProjectConfigurationPlatforms) = postSolution
		{B97CEFC7-EA06-4A9C-B6A2-9A49CBC483DC}.Debug|Any CPU.ActiveCfg = Debug|Any CPU
		{B97CEFC7-EA06-4A9C-B6A2-9A49CBC483DC}.Debug|Any CPU.Build.0 = Debug|Any CPU
		{B97CEFC7-EA06-4A9C-B6A2-9A49CBC483DC}.Release|Any CPU.ActiveCfg = Release|Any CPU
		{B97CEFC7-EA06-4A9C-B6A2-9A49CBC483DC}.Release|Any CPU.Build.0 = Release|Any CPU
	EndGlobalSection
	GlobalSection(SolutionProperties) = preSolution
		HideSolutionNode = FALSE
	EndGlobalSection
	GlobalSection(ExtensibilityGlobals) = postSolution
		SolutionGuid = {8D633B18-B3DB-458D-ABBA-1276D09E505F}
	EndGlobalSection
EndGlobal
